// !$*UTF8*$!
{
	archiveVersion = 1;
	classes = {
	};
	objectVersion = 46;
	objects = {

/* Begin PBXBuildFile section */
		3FD47E2820F79D9100E55DDB /* AppDelegate.swift in Sources */ = {isa = PBXBuildFile; fileRef = 3FD47E2720F79D9100E55DDB /* AppDelegate.swift */; };
		3FD47E2A20F79D9100E55DDB /* ViewController.swift in Sources */ = {isa = PBXBuildFile; fileRef = 3FD47E2920F79D9100E55DDB /* ViewController.swift */; };
		3FD47E2D20F79D9100E55DDB /* Main.storyboard in Resources */ = {isa = PBXBuildFile; fileRef = 3FD47E2B20F79D9100E55DDB /* Main.storyboard */; };
		3FD47E2F20F79D9100E55DDB /* Assets.xcassets in Resources */ = {isa = PBXBuildFile; fileRef = 3FD47E2E20F79D9100E55DDB /* Assets.xcassets */; };
		3FD47E3220F79D9100E55DDB /* LaunchScreen.storyboard in Resources */ = {isa = PBXBuildFile; fileRef = 3FD47E3020F79D9100E55DDB /* LaunchScreen.storyboard */; };
		3FD47EA520F79F0200E55DDB /* SQLite.framework in Frameworks */ = {isa = PBXBuildFile; fileRef = 3FD47E9820F79EF200E55DDB /* SQLite.framework */; };
/* End PBXBuildFile section */

/* Begin PBXContainerItemProxy section */
		3FD47E9720F79EF200E55DDB /* PBXContainerItemProxy */ = {
			isa = PBXContainerItemProxy;
			containerPortal = 3FD47E8D20F79EF200E55DDB /* SQLite.xcodeproj */;
			proxyType = 2;
			remoteGlobalIDString = EE247AD31C3F04ED00AE3E12;
			remoteInfo = "SQLite iOS";
		};
		3FD47E9920F79EF200E55DDB /* PBXContainerItemProxy */ = {
			isa = PBXContainerItemProxy;
			containerPortal = 3FD47E8D20F79EF200E55DDB /* SQLite.xcodeproj */;
			proxyType = 2;
			remoteGlobalIDString = EE247ADD1C3F04ED00AE3E12;
			remoteInfo = "SQLiteTests iOS";
		};
		3FD47E9B20F79EF200E55DDB /* PBXContainerItemProxy */ = {
			isa = PBXContainerItemProxy;
			containerPortal = 3FD47E8D20F79EF200E55DDB /* SQLite.xcodeproj */;
			proxyType = 2;
			remoteGlobalIDString = EE247B3C1C3F3ED000AE3E12;
			remoteInfo = "SQLite Mac";
		};
		3FD47E9D20F79EF200E55DDB /* PBXContainerItemProxy */ = {
			isa = PBXContainerItemProxy;
			containerPortal = 3FD47E8D20F79EF200E55DDB /* SQLite.xcodeproj */;
			proxyType = 2;
			remoteGlobalIDString = EE247B451C3F3ED000AE3E12;
			remoteInfo = "SQLiteTests Mac";
		};
		3FD47E9F20F79EF200E55DDB /* PBXContainerItemProxy */ = {
			isa = PBXContainerItemProxy;
			containerPortal = 3FD47E8D20F79EF200E55DDB /* SQLite.xcodeproj */;
			proxyType = 2;
			remoteGlobalIDString = 03A65E5A1C6BB0F50062603F;
			remoteInfo = "SQLite tvOS";
		};
		3FD47EA120F79EF200E55DDB /* PBXContainerItemProxy */ = {
			isa = PBXContainerItemProxy;
			containerPortal = 3FD47E8D20F79EF200E55DDB /* SQLite.xcodeproj */;
			proxyType = 2;
			remoteGlobalIDString = 03A65E631C6BB0F60062603F;
			remoteInfo = "SQLiteTests tvOS";
		};
		3FD47EA320F79EF200E55DDB /* PBXContainerItemProxy */ = {
			isa = PBXContainerItemProxy;
			containerPortal = 3FD47E8D20F79EF200E55DDB /* SQLite.xcodeproj */;
			proxyType = 2;
			remoteGlobalIDString = A121AC451CA35C79005A31D1;
			remoteInfo = "SQLite watchOS";
		};
/* End PBXContainerItemProxy section */

/* Begin PBXFileReference section */
		3FD47E2420F79D9100E55DDB /* pokedex.app */ = {isa = PBXFileReference; explicitFileType = wrapper.application; includeInIndex = 0; path = pokedex.app; sourceTree = BUILT_PRODUCTS_DIR; };
		3FD47E2720F79D9100E55DDB /* AppDelegate.swift */ = {isa = PBXFileReference; lastKnownFileType = sourcecode.swift; path = AppDelegate.swift; sourceTree = "<group>"; };
		3FD47E2920F79D9100E55DDB /* ViewController.swift */ = {isa = PBXFileReference; lastKnownFileType = sourcecode.swift; path = ViewController.swift; sourceTree = "<group>"; };
		3FD47E2C20F79D9100E55DDB /* Base */ = {isa = PBXFileReference; lastKnownFileType = file.storyboard; name = Base; path = Base.lproj/Main.storyboard; sourceTree = "<group>"; };
		3FD47E2E20F79D9100E55DDB /* Assets.xcassets */ = {isa = PBXFileReference; lastKnownFileType = folder.assetcatalog; path = Assets.xcassets; sourceTree = "<group>"; };
		3FD47E3120F79D9100E55DDB /* Base */ = {isa = PBXFileReference; lastKnownFileType = file.storyboard; name = Base; path = Base.lproj/LaunchScreen.storyboard; sourceTree = "<group>"; };
		3FD47E3320F79D9100E55DDB /* Info.plist */ = {isa = PBXFileReference; lastKnownFileType = text.plist.xml; path = Info.plist; sourceTree = "<group>"; };
		3FD47E8D20F79EF200E55DDB /* SQLite.xcodeproj */ = {isa = PBXFileReference; lastKnownFileType = "wrapper.pb-project"; name = SQLite.xcodeproj; path = "SQLite.swift-0.11.3/SQLite.xcodeproj"; sourceTree = "<group>"; };
/* End PBXFileReference section */

/* Begin PBXFrameworksBuildPhase section */
		3FD47E2120F79D9100E55DDB /* Frameworks */ = {
			isa = PBXFrameworksBuildPhase;
			buildActionMask = 2147483647;
			files = (
				3FD47EA520F79F0200E55DDB /* SQLite.framework in Frameworks */,
			);
			runOnlyForDeploymentPostprocessing = 0;
		};
/* End PBXFrameworksBuildPhase section */

/* Begin PBXGroup section */
		3FD47E1B20F79D9100E55DDB = {
			isa = PBXGroup;
			children = (
				3FD47E2620F79D9100E55DDB /* pokedex */,
				3FD47E2520F79D9100E55DDB /* Products */,
				3FD47E8D20F79EF200E55DDB /* SQLite.xcodeproj */,
			);
			sourceTree = "<group>";
		};
		3FD47E2520F79D9100E55DDB /* Products */ = {
			isa = PBXGroup;
			children = (
				3FD47E2420F79D9100E55DDB /* pokedex.app */,
			);
			name = Products;
			sourceTree = "<group>";
		};
		3FD47E2620F79D9100E55DDB /* pokedex */ = {
			isa = PBXGroup;
			children = (
				3FD47E2720F79D9100E55DDB /* AppDelegate.swift */,
				3FD47E2920F79D9100E55DDB /* ViewController.swift */,
				3FD47E2B20F79D9100E55DDB /* Main.storyboard */,
				3FD47E2E20F79D9100E55DDB /* Assets.xcassets */,
				3FD47E3020F79D9100E55DDB /* LaunchScreen.storyboard */,
				3FD47E3320F79D9100E55DDB /* Info.plist */,
			);
			path = pokedex;
			sourceTree = "<group>";
		};
		3FD47E8E20F79EF200E55DDB /* Products */ = {
			isa = PBXGroup;
			children = (
				3FD47E9820F79EF200E55DDB /* SQLite.framework */,
				3FD47E9A20F79EF200E55DDB /* SQLiteTests iOS.xctest */,
				3FD47E9C20F79EF200E55DDB /* SQLite.framework */,
				3FD47E9E20F79EF200E55DDB /* SQLiteTests Mac.xctest */,
				3FD47EA020F79EF200E55DDB /* SQLite.framework */,
				3FD47EA220F79EF200E55DDB /* SQLiteTests tvOS.xctest */,
				3FD47EA420F79EF200E55DDB /* SQLite.framework */,
			);
			name = Products;
			sourceTree = "<group>";
		};
/* End PBXGroup section */

/* Begin PBXNativeTarget section */
		3FD47E2320F79D9100E55DDB /* pokedex */ = {
			isa = PBXNativeTarget;
			buildConfigurationList = 3FD47E3620F79D9100E55DDB /* Build configuration list for PBXNativeTarget "pokedex" */;
			buildPhases = (
				3FD47E2020F79D9100E55DDB /* Sources */,
				3FD47E2120F79D9100E55DDB /* Frameworks */,
				3FD47E2220F79D9100E55DDB /* Resources */,
			);
			buildRules = (
			);
			dependencies = (
			);
			name = pokedex;
			productName = pokedex;
			productReference = 3FD47E2420F79D9100E55DDB /* pokedex.app */;
			productType = "com.apple.product-type.application";
		};
/* End PBXNativeTarget section */

/* Begin PBXProject section */
		3FD47E1C20F79D9100E55DDB /* Project object */ = {
			isa = PBXProject;
			attributes = {
				LastSwiftUpdateCheck = 0830;
				LastUpgradeCheck = 0830;
				ORGANIZATIONNAME = student;
				TargetAttributes = {
					3FD47E2320F79D9100E55DDB = {
						CreatedOnToolsVersion = 8.3.3;
						ProvisioningStyle = Automatic;
					};
				};
			};
			buildConfigurationList = 3FD47E1F20F79D9100E55DDB /* Build configuration list for PBXProject "pokedex" */;
			compatibilityVersion = "Xcode 3.2";
			developmentRegion = English;
			hasScannedForEncodings = 0;
			knownRegions = (
				en,
				Base,
			);
			mainGroup = 3FD47E1B20F79D9100E55DDB;
			productRefGroup = 3FD47E2520F79D9100E55DDB /* Products */;
			projectDirPath = "";
			projectReferences = (
				{
					ProductGroup = 3FD47E8E20F79EF200E55DDB /* Products */;
					ProjectRef = 3FD47E8D20F79EF200E55DDB /* SQLite.xcodeproj */;
				},
			);
			projectRoot = "";
			targets = (
				3FD47E2320F79D9100E55DDB /* pokedex */,
			);
		};
/* End PBXProject section */

/* Begin PBXReferenceProxy section */
		3FD47E9820F79EF200E55DDB /* SQLite.framework */ = {
			isa = PBXReferenceProxy;
			fileType = wrapper.framework;
			path = SQLite.framework;
			remoteRef = 3FD47E9720F79EF200E55DDB /* PBXContainerItemProxy */;
			sourceTree = BUILT_PRODUCTS_DIR;
		};
		3FD47E9A20F79EF200E55DDB /* SQLiteTests iOS.xctest */ = {
			isa = PBXReferenceProxy;
			fileType = wrapper.cfbundle;
			path = "SQLiteTests iOS.xctest";
			remoteRef = 3FD47E9920F79EF200E55DDB /* PBXContainerItemProxy */;
			sourceTree = BUILT_PRODUCTS_DIR;
		};
		3FD47E9C20F79EF200E55DDB /* SQLite.framework */ = {
			isa = PBXReferenceProxy;
			fileType = wrapper.framework;
			path = SQLite.framework;
			remoteRef = 3FD47E9B20F79EF200E55DDB /* PBXContainerItemProxy */;
			sourceTree = BUILT_PRODUCTS_DIR;
		};
		3FD47E9E20F79EF200E55DDB /* SQLiteTests Mac.xctest */ = {
			isa = PBXReferenceProxy;
			fileType = wrapper.cfbundle;
			path = "SQLiteTests Mac.xctest";
			remoteRef = 3FD47E9D20F79EF200E55DDB /* PBXContainerItemProxy */;
			sourceTree = BUILT_PRODUCTS_DIR;
		};
		3FD47EA020F79EF200E55DDB /* SQLite.framework */ = {
			isa = PBXReferenceProxy;
			fileType = wrapper.framework;
			path = SQLite.framework;
			remoteRef = 3FD47E9F20F79EF200E55DDB /* PBXContainerItemProxy */;
			sourceTree = BUILT_PRODUCTS_DIR;
		};
		3FD47EA220F79EF200E55DDB /* SQLiteTests tvOS.xctest */ = {
			isa = PBXReferenceProxy;
			fileType = wrapper.cfbundle;
			path = "SQLiteTests tvOS.xctest";
			remoteRef = 3FD47EA120F79EF200E55DDB /* PBXContainerItemProxy */;
			sourceTree = BUILT_PRODUCTS_DIR;
		};
		3FD47EA420F79EF200E55DDB /* SQLite.framework */ = {
			isa = PBXReferenceProxy;
			fileType = wrapper.framework;
			path = SQLite.framework;
			remoteRef = 3FD47EA320F79EF200E55DDB /* PBXContainerItemProxy */;
			sourceTree = BUILT_PRODUCTS_DIR;
		};
/* End PBXReferenceProxy section */

/* Begin PBXResourcesBuildPhase section */
		3FD47E2220F79D9100E55DDB /* Resources */ = {
			isa = PBXResourcesBuildPhase;
			buildActionMask = 2147483647;
			files = (
				3FD47E3220F79D9100E55DDB /* LaunchScreen.storyboard in Resources */,
				3FD47E2F20F79D9100E55DDB /* Assets.xcassets in Resources */,
				3FD47E2D20F79D9100E55DDB /* Main.storyboard in Resources */,
			);
			runOnlyForDeploymentPostprocessing = 0;
		};
/* End PBXResourcesBuildPhase section */

/* Begin PBXSourcesBuildPhase section */
		3FD47E2020F79D9100E55DDB /* Sources */ = {
			isa = PBXSourcesBuildPhase;
			buildActionMask = 2147483647;
			files = (
				3FD47E2A20F79D9100E55DDB /* ViewController.swift in Sources */,
				3FD47E2820F79D9100E55DDB /* AppDelegate.swift in Sources */,
			);
			runOnlyForDeploymentPostprocessing = 0;
		};
/* End PBXSourcesBuildPhase section */

/* Begin PBXVariantGroup section */
		3FD47E2B20F79D9100E55DDB /* Main.storyboard */ = {
			isa = PBXVariantGroup;
			children = (
				3FD47E2C20F79D9100E55DDB /* Base */,
			);
			name = Main.storyboard;
			sourceTree = "<group>";
		};
		3FD47E3020F79D9100E55DDB /* LaunchScreen.storyboard */ = {
			isa = PBXVariantGroup;
			children = (
				3FD47E3120F79D9100E55DDB /* Base */,
			);
			name = LaunchScreen.storyboard;
			sourceTree = "<group>";
		};
/* End PBXVariantGroup section */

/* Begin XCBuildConfiguration section */
		3FD47E3420F79D9100E55DDB /* Debug */ = {
			isa = XCBuildConfiguration;
			buildSettings = {
				ALWAYS_SEARCH_USER_PATHS = NO;
				CLANG_ANALYZER_NONNULL = YES;
				CLANG_ANALYZER_NUMBER_OBJECT_CONVERSION = YES_AGGRESSIVE;
				CLANG_CXX_LANGUAGE_STANDARD = "gnu++0x";
				CLANG_CXX_LIBRARY = "libc++";
				CLANG_ENABLE_MODULES = YES;
				CLANG_ENABLE_OBJC_ARC = YES;
				CLANG_WARN_BOOL_CONVERSION = YES;
				CLANG_WARN_CONSTANT_CONVERSION = YES;
				CLANG_WARN_DIRECT_OBJC_ISA_USAGE = YES_ERROR;
				CLANG_WARN_DOCUMENTATION_COMMENTS = YES;
				CLANG_WARN_EMPTY_BODY = YES;
				CLANG_WARN_ENUM_CONVERSION = YES;
				CLANG_WARN_INFINITE_RECURSION = YES;
				CLANG_WARN_INT_CONVERSION = YES;
				CLANG_WARN_OBJC_ROOT_CLASS = YES_ERROR;
				CLANG_WARN_SUSPICIOUS_MOVE = YES;
				CLANG_WARN_UNREACHABLE_CODE = YES;
				CLANG_WARN__DUPLICATE_METHOD_MATCH = YES;
				"CODE_SIGN_IDENTITY[sdk=iphoneos*]" = "iPhone Developer";
				COPY_PHASE_STRIP = NO;
				DEBUG_INFORMATION_FORMAT = dwarf;
				ENABLE_STRICT_OBJC_MSGSEND = YES;
				ENABLE_TESTABILITY = YES;
				GCC_C_LANGUAGE_STANDARD = gnu99;
				GCC_DYNAMIC_NO_PIC = NO;
				GCC_NO_COMMON_BLOCKS = YES;
				GCC_OPTIMIZATION_LEVEL = 0;
				GCC_PREPROCESSOR_DEFINITIONS = (
					"DEBUG=1",
					"$(inherited)",
				);
				GCC_WARN_64_TO_32_BIT_CONVERSION = YES;
				GCC_WARN_ABOUT_RETURN_TYPE = YES_ERROR;
				GCC_WARN_UNDECLARED_SELECTOR = YES;
				GCC_WARN_UNINITIALIZED_AUTOS = YES_AGGRESSIVE;
				GCC_WARN_UNUSED_FUNCTION = YES;
				GCC_WARN_UNUSED_VARIABLE = YES;
				IPHONEOS_DEPLOYMENT_TARGET = 10.3;
				MTL_ENABLE_DEBUG_INFO = YES;
				ONLY_ACTIVE_ARCH = YES;
				SDKROOT = iphoneos;
				SWIFT_ACTIVE_COMPILATION_CONDITIONS = DEBUG;
				SWIFT_OPTIMIZATION_LEVEL = "-Onone";
				TARGETED_DEVICE_FAMILY = "1,2";
			};
			name = Debug;
		};
		3FD47E3520F79D9100E55DDB /* Release */ = {
			isa = XCBuildConfiguration;
			buildSettings = {
				ALWAYS_SEARCH_USER_PATHS = NO;
				CLANG_ANALYZER_NONNULL = YES;
				CLANG_ANALYZER_NUMBER_OBJECT_CONVERSION = YES_AGGRESSIVE;
				CLANG_CXX_LANGUAGE_STANDARD = "gnu++0x";
				CLANG_CXX_LIBRARY = "libc++";
				CLANG_ENABLE_MODULES = YES;
				CLANG_ENABLE_OBJC_ARC = YES;
				CLANG_WARN_BOOL_CONVERSION = YES;
				CLANG_WARN_CONSTANT_CONVERSION = YES;
				CLANG_WARN_DIRECT_OBJC_ISA_USAGE = YES_ERROR;
				CLANG_WARN_DOCUMENTATION_COMMENTS = YES;
				CLANG_WARN_EMPTY_BODY = YES;
				CLANG_WARN_ENUM_CONVERSION = YES;
				CLANG_WARN_INFINITE_RECURSION = YES;
				CLANG_WARN_INT_CONVERSION = YES;
				CLANG_WARN_OBJC_ROOT_CLASS = YES_ERROR;
				CLANG_WARN_SUSPICIOUS_MOVE = YES;
				CLANG_WARN_UNREACHABLE_CODE = YES;
				CLANG_WARN__DUPLICATE_METHOD_MATCH = YES;
				"CODE_SIGN_IDENTITY[sdk=iphoneos*]" = "iPhone Developer";
				COPY_PHASE_STRIP = NO;
				DEBUG_INFORMATION_FORMAT = "dwarf-with-dsym";
				ENABLE_NS_ASSERTIONS = NO;
				ENABLE_STRICT_OBJC_MSGSEND = YES;
				GCC_C_LANGUAGE_STANDARD = gnu99;
				GCC_NO_COMMON_BLOCKS = YES;
				GCC_WARN_64_TO_32_BIT_CONVERSION = YES;
				GCC_WARN_ABOUT_RETURN_TYPE = YES_ERROR;
				GCC_WARN_UNDECLARED_SELECTOR = YES;
				GCC_WARN_UNINITIALIZED_AUTOS = YES_AGGRESSIVE;
				GCC_WARN_UNUSED_FUNCTION = YES;
				GCC_WARN_UNUSED_VARIABLE = YES;
				IPHONEOS_DEPLOYMENT_TARGET = 10.3;
				MTL_ENABLE_DEBUG_INFO = NO;
				SDKROOT = iphoneos;
				SWIFT_OPTIMIZATION_LEVEL = "-Owholemodule";
				TARGETED_DEVICE_FAMILY = "1,2";
				VALIDATE_PRODUCT = YES;
			};
			name = Release;
		};
		3FD47E3720F79D9100E55DDB /* Debug */ = {
			isa = XCBuildConfiguration;
			buildSettings = {
				ASSETCATALOG_COMPILER_APPICON_NAME = AppIcon;
				INFOPLIST_FILE = pokedex/Info.plist;
				LD_RUNPATH_SEARCH_PATHS = "$(inherited) @executable_path/Frameworks";
				PRODUCT_BUNDLE_IDENTIFIER = rferreira.pokedex;
				PRODUCT_NAME = "$(TARGET_NAME)";
				SWIFT_VERSION = 3.0;
			};
			name = Debug;
		};
		3FD47E3820F79D9100E55DDB /* Release */ = {
			isa = XCBuildConfiguration;
			buildSettings = {
				ASSETCATALOG_COMPILER_APPICON_NAME = AppIcon;
				INFOPLIST_FILE = pokedex/Info.plist;
				LD_RUNPATH_SEARCH_PATHS = "$(inherited) @executable_path/Frameworks";
				PRODUCT_BUNDLE_IDENTIFIER = rferreira.pokedex;
				PRODUCT_NAME = "$(TARGET_NAME)";
				SWIFT_VERSION = 3.0;
			};
			name = Release;
		};
/* End XCBuildConfiguration section */

/* Begin XCConfigurationList section */
		3FD47E1F20F79D9100E55DDB /* Build configuration list for PBXProject "pokedex" */ = {
			isa = XCConfigurationList;
			buildConfigurations = (
				3FD47E3420F79D9100E55DDB /* Debug */,
				3FD47E3520F79D9100E55DDB /* Release */,
			);
			defaultConfigurationIsVisible = 0;
			defaultConfigurationName = Release;
		};
		3FD47E3620F79D9100E55DDB /* Build configuration list for PBXNativeTarget "pokedex" */ = {
			isa = XCConfigurationList;
			buildConfigurations = (
				3FD47E3720F79D9100E55DDB /* Debug */,
				3FD47E3820F79D9100E55DDB /* Release */,
			);
			defaultConfigurationIsVisible = 0;
		};
/* End XCConfigurationList section */
	};
	rootObject = 3FD47E1C20F79D9100E55DDB /* Project object */;
}
